
Microsoft Visual Studio Solution File, Format Version 12.00
# Visual Studio Version 17
VisualStudioVersion = 17.8.34330.188
MinimumVisualStudioVersion = 10.0.40219.1
Project("{FAE04EC0-301F-11D3-BF4B-00C04F79EFBC}") = "SistemasInventarioV7", "SistemasInventarioV7\SistemasInventarioV7.csproj", "{CE2B8E3D-31AE-42F6-BD3C-A314B15114A7}"
EndProject
Global
	GlobalSection(SolutionConfigurationPlatforms) = preSolution
		Debug|Any CPU = Debug|Any CPU
		Release|Any CPU = Release|Any CPU
	EndGlobalSection
	GlobalSection(ProjectConfigurationPlatforms) = postSolution
		{CE2B8E3D-31AE-42F6-BD3C-A314B15114A7}.Debug|Any CPU.ActiveCfg = Debug|Any CPU
		{CE2B8E3D-31AE-42F6-BD3C-A314B15114A7}.Debug|Any CPU.Build.0 = Debug|Any CPU
		{CE2B8E3D-31AE-42F6-BD3C-A314B15114A7}.Release|Any CPU.ActiveCfg = Release|Any CPU
		{CE2B8E3D-31AE-42F6-BD3C-A314B15114A7}.Release|Any CPU.Build.0 = Release|Any CPU
	EndGlobalSection
	GlobalSection(SolutionProperties) = preSolution
		HideSolutionNode = FALSE
	EndGlobalSection
	GlobalSection(ExtensibilityGlobals) = postSolution
		SolutionGuid = {2965B8FD-0890-4FE0-B0DF-EF6259CDC036}
	EndGlobalSection
EndGlobal
